
Microsoft Visual Studio Solution File, Format Version 12.00
# Visual Studio Version 16
VisualStudioVersion = 16.0.32106.194
MinimumVisualStudioVersion = 10.0.40219.1
Project("{FAE04EC0-301F-11D3-BF4B-00C04F79EFBC}") = "WebApp1", "WebApp1\WebApp1.csproj", "{EC906365-6AA5-4832-8407-B185115EC41D}"
EndProject
Global
	GlobalSection(SolutionConfigurationPlatforms) = preSolution
		Debug|Any CPU = Debug|Any CPU
		Release|Any CPU = Release|Any CPU
	EndGlobalSection
	GlobalSection(ProjectConfigurationPlatforms) = postSolution
		{EC906365-6AA5-4832-8407-B185115EC41D}.Debug|Any CPU.ActiveCfg = Debug|Any CPU
		{EC906365-6AA5-4832-8407-B185115EC41D}.Debug|Any CPU.Build.0 = Debug|Any CPU
		{EC906365-6AA5-4832-8407-B185115EC41D}.Release|Any CPU.ActiveCfg = Release|Any CPU
		{EC906365-6AA5-4832-8407-B185115EC41D}.Release|Any CPU.Build.0 = Release|Any CPU
	EndGlobalSection
	GlobalSection(SolutionProperties) = preSolution
		HideSolutionNode = FALSE
	EndGlobalSection
	GlobalSection(ExtensibilityGlobals) = postSolution
		SolutionGuid = {ECAD3D5A-D5DE-4857-88EE-A663B589AFA1}
	EndGlobalSection
EndGlobal
